// !$*UTF8*$!
{
	archiveVersion = 1;
	classes = {
	};
	objectVersion = 56;
	objects = {

/* Begin PBXBuildFile section */
		6CAE19E32A9E6E8500B50E88 /* PokedexApp.swift in Sources */ = {isa = PBXBuildFile; fileRef = 6CAE19E22A9E6E8500B50E88 /* PokedexApp.swift */; };
		6CAE19E52A9E6E8500B50E88 /* ContentView.swift in Sources */ = {isa = PBXBuildFile; fileRef = 6CAE19E42A9E6E8500B50E88 /* ContentView.swift */; };
		6CAE19E72A9E6E8600B50E88 /* Assets.xcassets in Resources */ = {isa = PBXBuildFile; fileRef = 6CAE19E62A9E6E8600B50E88 /* Assets.xcassets */; };
		6CAE19EA2A9E6E8600B50E88 /* Preview Assets.xcassets in Resources */ = {isa = PBXBuildFile; fileRef = 6CAE19E92A9E6E8600B50E88 /* Preview Assets.xcassets */; };
		6CAE19F42A9E6E8600B50E88 /* PokedexTests.swift in Sources */ = {isa = PBXBuildFile; fileRef = 6CAE19F32A9E6E8600B50E88 /* PokedexTests.swift */; };
		6CAE19FE2A9E6E8600B50E88 /* PokedexUITests.swift in Sources */ = {isa = PBXBuildFile; fileRef = 6CAE19FD2A9E6E8600B50E88 /* PokedexUITests.swift */; };
		6CAE1A002A9E6E8600B50E88 /* PokedexUITestsLaunchTests.swift in Sources */ = {isa = PBXBuildFile; fileRef = 6CAE19FF2A9E6E8600B50E88 /* PokedexUITestsLaunchTests.swift */; };
		6CAE1A0E2A9E6EDB00B50E88 /* Alamofire in Frameworks */ = {isa = PBXBuildFile; productRef = 6CAE1A0D2A9E6EDB00B50E88 /* Alamofire */; };
		6CAE1A112A9E6EFB00B50E88 /* SDWebImageSwiftUI in Frameworks */ = {isa = PBXBuildFile; productRef = 6CAE1A102A9E6EFB00B50E88 /* SDWebImageSwiftUI */; };
		6CAE1A132A9E717400B50E88 /* Pokedex.swift in Sources */ = {isa = PBXBuildFile; fileRef = 6CAE1A122A9E717400B50E88 /* Pokedex.swift */; };
		6CAE1A152A9E777800B50E88 /* PokemonAPIProtocol.swift in Sources */ = {isa = PBXBuildFile; fileRef = 6CAE1A142A9E777800B50E88 /* PokemonAPIProtocol.swift */; };
		6CAE1A172A9E78D500B50E88 /* PokemonRepository.swift in Sources */ = {isa = PBXBuildFile; fileRef = 6CAE1A162A9E78D500B50E88 /* PokemonRepository.swift */; };
		6CAE1A192A9E84EF00B50E88 /* NetworkApiService.swift in Sources */ = {isa = PBXBuildFile; fileRef = 6CAE1A182A9E84EF00B50E88 /* NetworkApiService.swift */; };
/* End PBXBuildFile section */

/* Begin PBXContainerItemProxy section */
		6CAE19F02A9E6E8600B50E88 /* PBXContainerItemProxy */ = {
			isa = PBXContainerItemProxy;
			containerPortal = 6CAE19D72A9E6E8500B50E88 /* Project object */;
			proxyType = 1;
			remoteGlobalIDString = 6CAE19DE2A9E6E8500B50E88;
			remoteInfo = Pokedex;
		};
		6CAE19FA2A9E6E8600B50E88 /* PBXContainerItemProxy */ = {
			isa = PBXContainerItemProxy;
			containerPortal = 6CAE19D72A9E6E8500B50E88 /* Project object */;
			proxyType = 1;
			remoteGlobalIDString = 6CAE19DE2A9E6E8500B50E88;
			remoteInfo = Pokedex;
		};
/* End PBXContainerItemProxy section */

/* Begin PBXFileReference section */
		6CAE19DF2A9E6E8500B50E88 /* Pokedex.app */ = {isa = PBXFileReference; explicitFileType = wrapper.application; includeInIndex = 0; path = Pokedex.app; sourceTree = BUILT_PRODUCTS_DIR; };
		6CAE19E22A9E6E8500B50E88 /* PokedexApp.swift */ = {isa = PBXFileReference; lastKnownFileType = sourcecode.swift; path = PokedexApp.swift; sourceTree = "<group>"; };
		6CAE19E42A9E6E8500B50E88 /* ContentView.swift */ = {isa = PBXFileReference; lastKnownFileType = sourcecode.swift; path = ContentView.swift; sourceTree = "<group>"; };
		6CAE19E62A9E6E8600B50E88 /* Assets.xcassets */ = {isa = PBXFileReference; lastKnownFileType = folder.assetcatalog; path = Assets.xcassets; sourceTree = "<group>"; };
		6CAE19E92A9E6E8600B50E88 /* Preview Assets.xcassets */ = {isa = PBXFileReference; lastKnownFileType = folder.assetcatalog; path = "Preview Assets.xcassets"; sourceTree = "<group>"; };
		6CAE19EF2A9E6E8600B50E88 /* PokedexTests.xctest */ = {isa = PBXFileReference; explicitFileType = wrapper.cfbundle; includeInIndex = 0; path = PokedexTests.xctest; sourceTree = BUILT_PRODUCTS_DIR; };
		6CAE19F32A9E6E8600B50E88 /* PokedexTests.swift */ = {isa = PBXFileReference; lastKnownFileType = sourcecode.swift; path = PokedexTests.swift; sourceTree = "<group>"; };
		6CAE19F92A9E6E8600B50E88 /* PokedexUITests.xctest */ = {isa = PBXFileReference; explicitFileType = wrapper.cfbundle; includeInIndex = 0; path = PokedexUITests.xctest; sourceTree = BUILT_PRODUCTS_DIR; };
		6CAE19FD2A9E6E8600B50E88 /* PokedexUITests.swift */ = {isa = PBXFileReference; lastKnownFileType = sourcecode.swift; path = PokedexUITests.swift; sourceTree = "<group>"; };
		6CAE19FF2A9E6E8600B50E88 /* PokedexUITestsLaunchTests.swift */ = {isa = PBXFileReference; lastKnownFileType = sourcecode.swift; path = PokedexUITestsLaunchTests.swift; sourceTree = "<group>"; };
		6CAE1A122A9E717400B50E88 /* Pokedex.swift */ = {isa = PBXFileReference; lastKnownFileType = sourcecode.swift; name = Pokedex.swift; path = Modelos/Pokedex.swift; sourceTree = "<group>"; };
		6CAE1A142A9E777800B50E88 /* PokemonAPIProtocol.swift */ = {isa = PBXFileReference; lastKnownFileType = sourcecode.swift; path = PokemonAPIProtocol.swift; sourceTree = "<group>"; };
		6CAE1A162A9E78D500B50E88 /* PokemonRepository.swift */ = {isa = PBXFileReference; lastKnownFileType = sourcecode.swift; path = PokemonRepository.swift; sourceTree = "<group>"; };
		6CAE1A182A9E84EF00B50E88 /* NetworkApiService.swift */ = {isa = PBXFileReference; lastKnownFileType = sourcecode.swift; path = NetworkApiService.swift; sourceTree = "<group>"; };
/* End PBXFileReference section */

/* Begin PBXFrameworksBuildPhase section */
		6CAE19DC2A9E6E8500B50E88 /* Frameworks */ = {
			isa = PBXFrameworksBuildPhase;
			buildActionMask = 2147483647;
			files = (
				6CAE1A112A9E6EFB00B50E88 /* SDWebImageSwiftUI in Frameworks */,
				6CAE1A0E2A9E6EDB00B50E88 /* Alamofire in Frameworks */,
			);
			runOnlyForDeploymentPostprocessing = 0;
		};
		6CAE19EC2A9E6E8600B50E88 /* Frameworks */ = {
			isa = PBXFrameworksBuildPhase;
			buildActionMask = 2147483647;
			files = (
			);
			runOnlyForDeploymentPostprocessing = 0;
		};
		6CAE19F62A9E6E8600B50E88 /* Frameworks */ = {
			isa = PBXFrameworksBuildPhase;
			buildActionMask = 2147483647;
			files = (
			);
			runOnlyForDeploymentPostprocessing = 0;
		};
/* End PBXFrameworksBuildPhase section */

/* Begin PBXGroup section */
		6CAE19D62A9E6E8500B50E88 = {
			isa = PBXGroup;
			children = (
				6CAE1A122A9E717400B50E88 /* Pokedex.swift */,
				6CAE1A142A9E777800B50E88 /* PokemonAPIProtocol.swift */,
				6CAE1A162A9E78D500B50E88 /* PokemonRepository.swift */,
				6CAE1A182A9E84EF00B50E88 /* NetworkApiService.swift */,
				6CAE19E12A9E6E8500B50E88 /* Pokedex */,
				6CAE19F22A9E6E8600B50E88 /* PokedexTests */,
				6CAE19FC2A9E6E8600B50E88 /* PokedexUITests */,
				6CAE19E02A9E6E8500B50E88 /* Products */,
			);
			sourceTree = "<group>";
		};
		6CAE19E02A9E6E8500B50E88 /* Products */ = {
			isa = PBXGroup;
			children = (
				6CAE19DF2A9E6E8500B50E88 /* Pokedex.app */,
				6CAE19EF2A9E6E8600B50E88 /* PokedexTests.xctest */,
				6CAE19F92A9E6E8600B50E88 /* PokedexUITests.xctest */,
			);
			name = Products;
			sourceTree = "<group>";
		};
		6CAE19E12A9E6E8500B50E88 /* Pokedex */ = {
			isa = PBXGroup;
			children = (
				6CAE19E22A9E6E8500B50E88 /* PokedexApp.swift */,
				6CAE19E42A9E6E8500B50E88 /* ContentView.swift */,
				6CAE19E62A9E6E8600B50E88 /* Assets.xcassets */,
				6CAE19E82A9E6E8600B50E88 /* Preview Content */,
			);
			path = Pokedex;
			sourceTree = "<group>";
		};
		6CAE19E82A9E6E8600B50E88 /* Preview Content */ = {
			isa = PBXGroup;
			children = (
				6CAE19E92A9E6E8600B50E88 /* Preview Assets.xcassets */,
			);
			path = "Preview Content";
			sourceTree = "<group>";
		};
		6CAE19F22A9E6E8600B50E88 /* PokedexTests */ = {
			isa = PBXGroup;
			children = (
				6CAE19F32A9E6E8600B50E88 /* PokedexTests.swift */,
			);
			path = PokedexTests;
			sourceTree = "<group>";
		};
		6CAE19FC2A9E6E8600B50E88 /* PokedexUITests */ = {
			isa = PBXGroup;
			children = (
				6CAE19FD2A9E6E8600B50E88 /* PokedexUITests.swift */,
				6CAE19FF2A9E6E8600B50E88 /* PokedexUITestsLaunchTests.swift */,
			);
			path = PokedexUITests;
			sourceTree = "<group>";
		};
/* End PBXGroup section */

/* Begin PBXNativeTarget section */
		6CAE19DE2A9E6E8500B50E88 /* Pokedex */ = {
			isa = PBXNativeTarget;
			buildConfigurationList = 6CAE1A032A9E6E8600B50E88 /* Build configuration list for PBXNativeTarget "Pokedex" */;
			buildPhases = (
				6CAE19DB2A9E6E8500B50E88 /* Sources */,
				6CAE19DC2A9E6E8500B50E88 /* Frameworks */,
				6CAE19DD2A9E6E8500B50E88 /* Resources */,
			);
			buildRules = (
			);
			dependencies = (
			);
			name = Pokedex;
			packageProductDependencies = (
				6CAE1A0D2A9E6EDB00B50E88 /* Alamofire */,
				6CAE1A102A9E6EFB00B50E88 /* SDWebImageSwiftUI */,
			);
			productName = Pokedex;
			productReference = 6CAE19DF2A9E6E8500B50E88 /* Pokedex.app */;
			productType = "com.apple.product-type.application";
		};
		6CAE19EE2A9E6E8600B50E88 /* PokedexTests */ = {
			isa = PBXNativeTarget;
			buildConfigurationList = 6CAE1A062A9E6E8600B50E88 /* Build configuration list for PBXNativeTarget "PokedexTests" */;
			buildPhases = (
				6CAE19EB2A9E6E8600B50E88 /* Sources */,
				6CAE19EC2A9E6E8600B50E88 /* Frameworks */,
				6CAE19ED2A9E6E8600B50E88 /* Resources */,
			);
			buildRules = (
			);
			dependencies = (
				6CAE19F12A9E6E8600B50E88 /* PBXTargetDependency */,
			);
			name = PokedexTests;
			productName = PokedexTests;
			productReference = 6CAE19EF2A9E6E8600B50E88 /* PokedexTests.xctest */;
			productType = "com.apple.product-type.bundle.unit-test";
		};
		6CAE19F82A9E6E8600B50E88 /* PokedexUITests */ = {
			isa = PBXNativeTarget;
			buildConfigurationList = 6CAE1A092A9E6E8600B50E88 /* Build configuration list for PBXNativeTarget "PokedexUITests" */;
			buildPhases = (
				6CAE19F52A9E6E8600B50E88 /* Sources */,
				6CAE19F62A9E6E8600B50E88 /* Frameworks */,
				6CAE19F72A9E6E8600B50E88 /* Resources */,
			);
			buildRules = (
			);
			dependencies = (
				6CAE19FB2A9E6E8600B50E88 /* PBXTargetDependency */,
			);
			name = PokedexUITests;
			productName = PokedexUITests;
			productReference = 6CAE19F92A9E6E8600B50E88 /* PokedexUITests.xctest */;
			productType = "com.apple.product-type.bundle.ui-testing";
		};
/* End PBXNativeTarget section */

/* Begin PBXProject section */
		6CAE19D72A9E6E8500B50E88 /* Project object */ = {
			isa = PBXProject;
			attributes = {
				BuildIndependentTargetsInParallel = 1;
				LastSwiftUpdateCheck = 1430;
				LastUpgradeCheck = 1430;
				TargetAttributes = {
					6CAE19DE2A9E6E8500B50E88 = {
						CreatedOnToolsVersion = 14.3.1;
					};
					6CAE19EE2A9E6E8600B50E88 = {
						CreatedOnToolsVersion = 14.3.1;
						TestTargetID = 6CAE19DE2A9E6E8500B50E88;
					};
					6CAE19F82A9E6E8600B50E88 = {
						CreatedOnToolsVersion = 14.3.1;
						TestTargetID = 6CAE19DE2A9E6E8500B50E88;
					};
				};
			};
			buildConfigurationList = 6CAE19DA2A9E6E8500B50E88 /* Build configuration list for PBXProject "Pokedex" */;
			compatibilityVersion = "Xcode 14.0";
			developmentRegion = en;
			hasScannedForEncodings = 0;
			knownRegions = (
				en,
				Base,
			);
			mainGroup = 6CAE19D62A9E6E8500B50E88;
			packageReferences = (
				6CAE1A0C2A9E6EDB00B50E88 /* XCRemoteSwiftPackageReference "Alamofire" */,
				6CAE1A0F2A9E6EFB00B50E88 /* XCRemoteSwiftPackageReference "SDWebImageSwiftUI" */,
			);
			productRefGroup = 6CAE19E02A9E6E8500B50E88 /* Products */;
			projectDirPath = "";
			projectRoot = "";
			targets = (
				6CAE19DE2A9E6E8500B50E88 /* Pokedex */,
				6CAE19EE2A9E6E8600B50E88 /* PokedexTests */,
				6CAE19F82A9E6E8600B50E88 /* PokedexUITests */,
			);
		};
/* End PBXProject section */

/* Begin PBXResourcesBuildPhase section */
		6CAE19DD2A9E6E8500B50E88 /* Resources */ = {
			isa = PBXResourcesBuildPhase;
			buildActionMask = 2147483647;
			files = (
				6CAE19EA2A9E6E8600B50E88 /* Preview Assets.xcassets in Resources */,
				6CAE19E72A9E6E8600B50E88 /* Assets.xcassets in Resources */,
			);
			runOnlyForDeploymentPostprocessing = 0;
		};
		6CAE19ED2A9E6E8600B50E88 /* Resources */ = {
			isa = PBXResourcesBuildPhase;
			buildActionMask = 2147483647;
			files = (
			);
			runOnlyForDeploymentPostprocessing = 0;
		};
		6CAE19F72A9E6E8600B50E88 /* Resources */ = {
			isa = PBXResourcesBuildPhase;
			buildActionMask = 2147483647;
			files = (
			);
			runOnlyForDeploymentPostprocessing = 0;
		};
/* End PBXResourcesBuildPhase section */

/* Begin PBXSourcesBuildPhase section */
		6CAE19DB2A9E6E8500B50E88 /* Sources */ = {
			isa = PBXSourcesBuildPhase;
			buildActionMask = 2147483647;
			files = (
				6CAE1A152A9E777800B50E88 /* PokemonAPIProtocol.swift in Sources */,
				6CAE1A192A9E84EF00B50E88 /* NetworkApiService.swift in Sources */,
				6CAE1A172A9E78D500B50E88 /* PokemonRepository.swift in Sources */,
				6CAE19E52A9E6E8500B50E88 /* ContentView.swift in Sources */,
				6CAE19E32A9E6E8500B50E88 /* PokedexApp.swift in Sources */,
				6CAE1A132A9E717400B50E88 /* Pokedex.swift in Sources */,
			);
			runOnlyForDeploymentPostprocessing = 0;
		};
		6CAE19EB2A9E6E8600B50E88 /* Sources */ = {
			isa = PBXSourcesBuildPhase;
			buildActionMask = 2147483647;
			files = (
				6CAE19F42A9E6E8600B50E88 /* PokedexTests.swift in Sources */,
			);
			runOnlyForDeploymentPostprocessing = 0;
		};
		6CAE19F52A9E6E8600B50E88 /* Sources */ = {
			isa = PBXSourcesBuildPhase;
			buildActionMask = 2147483647;
			files = (
				6CAE19FE2A9E6E8600B50E88 /* PokedexUITests.swift in Sources */,
				6CAE1A002A9E6E8600B50E88 /* PokedexUITestsLaunchTests.swift in Sources */,
			);
			runOnlyForDeploymentPostprocessing = 0;
		};
/* End PBXSourcesBuildPhase section */

/* Begin PBXTargetDependency section */
		6CAE19F12A9E6E8600B50E88 /* PBXTargetDependency */ = {
			isa = PBXTargetDependency;
			target = 6CAE19DE2A9E6E8500B50E88 /* Pokedex */;
			targetProxy = 6CAE19F02A9E6E8600B50E88 /* PBXContainerItemProxy */;
		};
		6CAE19FB2A9E6E8600B50E88 /* PBXTargetDependency */ = {
			isa = PBXTargetDependency;
			target = 6CAE19DE2A9E6E8500B50E88 /* Pokedex */;
			targetProxy = 6CAE19FA2A9E6E8600B50E88 /* PBXContainerItemProxy */;
		};
/* End PBXTargetDependency section */

/* Begin XCBuildConfiguration section */
		6CAE1A012A9E6E8600B50E88 /* Debug */ = {
			isa = XCBuildConfiguration;
			buildSettings = {
				ALWAYS_SEARCH_USER_PATHS = NO;
				CLANG_ANALYZER_NONNULL = YES;
				CLANG_ANALYZER_NUMBER_OBJECT_CONVERSION = YES_AGGRESSIVE;
				CLANG_CXX_LANGUAGE_STANDARD = "gnu++20";
				CLANG_ENABLE_MODULES = YES;
				CLANG_ENABLE_OBJC_ARC = YES;
				CLANG_ENABLE_OBJC_WEAK = YES;
				CLANG_WARN_BLOCK_CAPTURE_AUTORELEASING = YES;
				CLANG_WARN_BOOL_CONVERSION = YES;
				CLANG_WARN_COMMA = YES;
				CLANG_WARN_CONSTANT_CONVERSION = YES;
				CLANG_WARN_DEPRECATED_OBJC_IMPLEMENTATIONS = YES;
				CLANG_WARN_DIRECT_OBJC_ISA_USAGE = YES_ERROR;
				CLANG_WARN_DOCUMENTATION_COMMENTS = YES;
				CLANG_WARN_EMPTY_BODY = YES;
				CLANG_WARN_ENUM_CONVERSION = YES;
				CLANG_WARN_INFINITE_RECURSION = YES;
				CLANG_WARN_INT_CONVERSION = YES;
				CLANG_WARN_NON_LITERAL_NULL_CONVERSION = YES;
				CLANG_WARN_OBJC_IMPLICIT_RETAIN_SELF = YES;
				CLANG_WARN_OBJC_LITERAL_CONVERSION = YES;
				CLANG_WARN_OBJC_ROOT_CLASS = YES_ERROR;
				CLANG_WARN_QUOTED_INCLUDE_IN_FRAMEWORK_HEADER = YES;
				CLANG_WARN_RANGE_LOOP_ANALYSIS = YES;
				CLANG_WARN_STRICT_PROTOTYPES = YES;
				CLANG_WARN_SUSPICIOUS_MOVE = YES;
				CLANG_WARN_UNGUARDED_AVAILABILITY = YES_AGGRESSIVE;
				CLANG_WARN_UNREACHABLE_CODE = YES;
				CLANG_WARN__DUPLICATE_METHOD_MATCH = YES;
				COPY_PHASE_STRIP = NO;
				DEBUG_INFORMATION_FORMAT = dwarf;
				ENABLE_STRICT_OBJC_MSGSEND = YES;
				ENABLE_TESTABILITY = YES;
				GCC_C_LANGUAGE_STANDARD = gnu11;
				GCC_DYNAMIC_NO_PIC = NO;
				GCC_NO_COMMON_BLOCKS = YES;
				GCC_OPTIMIZATION_LEVEL = 0;
				GCC_PREPROCESSOR_DEFINITIONS = (
					"DEBUG=1",
					"$(inherited)",
				);
				GCC_WARN_64_TO_32_BIT_CONVERSION = YES;
				GCC_WARN_ABOUT_RETURN_TYPE = YES_ERROR;
				GCC_WARN_UNDECLARED_SELECTOR = YES;
				GCC_WARN_UNINITIALIZED_AUTOS = YES_AGGRESSIVE;
				GCC_WARN_UNUSED_FUNCTION = YES;
				GCC_WARN_UNUSED_VARIABLE = YES;
				IPHONEOS_DEPLOYMENT_TARGET = 16.4;
				MTL_ENABLE_DEBUG_INFO = INCLUDE_SOURCE;
				MTL_FAST_MATH = YES;
				ONLY_ACTIVE_ARCH = YES;
				SDKROOT = iphoneos;
				SWIFT_ACTIVE_COMPILATION_CONDITIONS = DEBUG;
				SWIFT_OPTIMIZATION_LEVEL = "-Onone";
			};
			name = Debug;
		};
		6CAE1A022A9E6E8600B50E88 /* Release */ = {
			isa = XCBuildConfiguration;
			buildSettings = {
				ALWAYS_SEARCH_USER_PATHS = NO;
				CLANG_ANALYZER_NONNULL = YES;
				CLANG_ANALYZER_NUMBER_OBJECT_CONVERSION = YES_AGGRESSIVE;
				CLANG_CXX_LANGUAGE_STANDARD = "gnu++20";
				CLANG_ENABLE_MODULES = YES;
				CLANG_ENABLE_OBJC_ARC = YES;
				CLANG_ENABLE_OBJC_WEAK = YES;
				CLANG_WARN_BLOCK_CAPTURE_AUTORELEASING = YES;
				CLANG_WARN_BOOL_CONVERSION = YES;
				CLANG_WARN_COMMA = YES;
				CLANG_WARN_CONSTANT_CONVERSION = YES;
				CLANG_WARN_DEPRECATED_OBJC_IMPLEMENTATIONS = YES;
				CLANG_WARN_DIRECT_OBJC_ISA_USAGE = YES_ERROR;
				CLANG_WARN_DOCUMENTATION_COMMENTS = YES;
				CLANG_WARN_EMPTY_BODY = YES;
				CLANG_WARN_ENUM_CONVERSION = YES;
				CLANG_WARN_INFINITE_RECURSION = YES;
				CLANG_WARN_INT_CONVERSION = YES;
				CLANG_WARN_NON_LITERAL_NULL_CONVERSION = YES;
				CLANG_WARN_OBJC_IMPLICIT_RETAIN_SELF = YES;
				CLANG_WARN_OBJC_LITERAL_CONVERSION = YES;
				CLANG_WARN_OBJC_ROOT_CLASS = YES_ERROR;
				CLANG_WARN_QUOTED_INCLUDE_IN_FRAMEWORK_HEADER = YES;
				CLANG_WARN_RANGE_LOOP_ANALYSIS = YES;
				CLANG_WARN_STRICT_PROTOTYPES = YES;
				CLANG_WARN_SUSPICIOUS_MOVE = YES;
				CLANG_WARN_UNGUARDED_AVAILABILITY = YES_AGGRESSIVE;
				CLANG_WARN_UNREACHABLE_CODE = YES;
				CLANG_WARN__DUPLICATE_METHOD_MATCH = YES;
				COPY_PHASE_STRIP = NO;
				DEBUG_INFORMATION_FORMAT = "dwarf-with-dsym";
				ENABLE_NS_ASSERTIONS = NO;
				ENABLE_STRICT_OBJC_MSGSEND = YES;
				GCC_C_LANGUAGE_STANDARD = gnu11;
				GCC_NO_COMMON_BLOCKS = YES;
				GCC_WARN_64_TO_32_BIT_CONVERSION = YES;
				GCC_WARN_ABOUT_RETURN_TYPE = YES_ERROR;
				GCC_WARN_UNDECLARED_SELECTOR = YES;
				GCC_WARN_UNINITIALIZED_AUTOS = YES_AGGRESSIVE;
				GCC_WARN_UNUSED_FUNCTION = YES;
				GCC_WARN_UNUSED_VARIABLE = YES;
				IPHONEOS_DEPLOYMENT_TARGET = 16.4;
				MTL_ENABLE_DEBUG_INFO = NO;
				MTL_FAST_MATH = YES;
				SDKROOT = iphoneos;
				SWIFT_COMPILATION_MODE = wholemodule;
				SWIFT_OPTIMIZATION_LEVEL = "-O";
				VALIDATE_PRODUCT = YES;
			};
			name = Release;
		};
		6CAE1A042A9E6E8600B50E88 /* Debug */ = {
			isa = XCBuildConfiguration;
			buildSettings = {
				ASSETCATALOG_COMPILER_APPICON_NAME = AppIcon;
				ASSETCATALOG_COMPILER_GLOBAL_ACCENT_COLOR_NAME = AccentColor;
				CODE_SIGN_STYLE = Automatic;
				CURRENT_PROJECT_VERSION = 1;
				DEVELOPMENT_ASSET_PATHS = "\"Pokedex/Preview Content\"";
				DEVELOPMENT_TEAM = 3YA9576WH5;
				ENABLE_PREVIEWS = YES;
				GENERATE_INFOPLIST_FILE = YES;
				INFOPLIST_KEY_UIApplicationSceneManifest_Generation = YES;
				INFOPLIST_KEY_UIApplicationSupportsIndirectInputEvents = YES;
				INFOPLIST_KEY_UILaunchScreen_Generation = YES;
				INFOPLIST_KEY_UISupportedInterfaceOrientations_iPad = "UIInterfaceOrientationPortrait UIInterfaceOrientationPortraitUpsideDown UIInterfaceOrientationLandscapeLeft UIInterfaceOrientationLandscapeRight";
				INFOPLIST_KEY_UISupportedInterfaceOrientations_iPhone = "UIInterfaceOrientationPortrait UIInterfaceOrientationLandscapeLeft UIInterfaceOrientationLandscapeRight";
				LD_RUNPATH_SEARCH_PATHS = (
					"$(inherited)",
					"@executable_path/Frameworks",
				);
				MARKETING_VERSION = 1.0;
				PRODUCT_BUNDLE_IDENTIFIER = organization.Pokedex;
				PRODUCT_NAME = "$(TARGET_NAME)";
				SWIFT_EMIT_LOC_STRINGS = YES;
				SWIFT_VERSION = 5.0;
				TARGETED_DEVICE_FAMILY = "1,2";
			};
			name = Debug;
		};
		6CAE1A052A9E6E8600B50E88 /* Release */ = {
			isa = XCBuildConfiguration;
			buildSettings = {
				ASSETCATALOG_COMPILER_APPICON_NAME = AppIcon;
				ASSETCATALOG_COMPILER_GLOBAL_ACCENT_COLOR_NAME = AccentColor;
				CODE_SIGN_STYLE = Automatic;
				CURRENT_PROJECT_VERSION = 1;
				DEVELOPMENT_ASSET_PATHS = "\"Pokedex/Preview Content\"";
				DEVELOPMENT_TEAM = 3YA9576WH5;
				ENABLE_PREVIEWS = YES;
				GENERATE_INFOPLIST_FILE = YES;
				INFOPLIST_KEY_UIApplicationSceneManifest_Generation = YES;
				INFOPLIST_KEY_UIApplicationSupportsIndirectInputEvents = YES;
				INFOPLIST_KEY_UILaunchScreen_Generation = YES;
				INFOPLIST_KEY_UISupportedInterfaceOrientations_iPad = "UIInterfaceOrientationPortrait UIInterfaceOrientationPortraitUpsideDown UIInterfaceOrientationLandscapeLeft UIInterfaceOrientationLandscapeRight";
				INFOPLIST_KEY_UISupportedInterfaceOrientations_iPhone = "UIInterfaceOrientationPortrait UIInterfaceOrientationLandscapeLeft UIInterfaceOrientationLandscapeRight";
				LD_RUNPATH_SEARCH_PATHS = (
					"$(inherited)",
					"@executable_path/Frameworks",
				);
				MARKETING_VERSION = 1.0;
				PRODUCT_BUNDLE_IDENTIFIER = organization.Pokedex;
				PRODUCT_NAME = "$(TARGET_NAME)";
				SWIFT_EMIT_LOC_STRINGS = YES;
				SWIFT_VERSION = 5.0;
				TARGETED_DEVICE_FAMILY = "1,2";
			};
			name = Release;
		};
		6CAE1A072A9E6E8600B50E88 /* Debug */ = {
			isa = XCBuildConfiguration;
			buildSettings = {
				ALWAYS_EMBED_SWIFT_STANDARD_LIBRARIES = YES;
				BUNDLE_LOADER = "$(TEST_HOST)";
				CODE_SIGN_STYLE = Automatic;
				CURRENT_PROJECT_VERSION = 1;
				GENERATE_INFOPLIST_FILE = YES;
				IPHONEOS_DEPLOYMENT_TARGET = 16.4;
				MARKETING_VERSION = 1.0;
				PRODUCT_BUNDLE_IDENTIFIER = organization.PokedexTests;
				PRODUCT_NAME = "$(TARGET_NAME)";
				SWIFT_EMIT_LOC_STRINGS = NO;
				SWIFT_VERSION = 5.0;
				TARGETED_DEVICE_FAMILY = "1,2";
				TEST_HOST = "$(BUILT_PRODUCTS_DIR)/Pokedex.app/$(BUNDLE_EXECUTABLE_FOLDER_PATH)/Pokedex";
			};
			name = Debug;
		};
		6CAE1A082A9E6E8600B50E88 /* Release */ = {
			isa = XCBuildConfiguration;
			buildSettings = {
				ALWAYS_EMBED_SWIFT_STANDARD_LIBRARIES = YES;
				BUNDLE_LOADER = "$(TEST_HOST)";
				CODE_SIGN_STYLE = Automatic;
				CURRENT_PROJECT_VERSION = 1;
				GENERATE_INFOPLIST_FILE = YES;
				IPHONEOS_DEPLOYMENT_TARGET = 16.4;
				MARKETING_VERSION = 1.0;
				PRODUCT_BUNDLE_IDENTIFIER = organization.PokedexTests;
				PRODUCT_NAME = "$(TARGET_NAME)";
				SWIFT_EMIT_LOC_STRINGS = NO;
				SWIFT_VERSION = 5.0;
				TARGETED_DEVICE_FAMILY = "1,2";
				TEST_HOST = "$(BUILT_PRODUCTS_DIR)/Pokedex.app/$(BUNDLE_EXECUTABLE_FOLDER_PATH)/Pokedex";
			};
			name = Release;
		};
		6CAE1A0A2A9E6E8600B50E88 /* Debug */ = {
			isa = XCBuildConfiguration;
			buildSettings = {
				ALWAYS_EMBED_SWIFT_STANDARD_LIBRARIES = YES;
				CODE_SIGN_STYLE = Automatic;
				CURRENT_PROJECT_VERSION = 1;
				GENERATE_INFOPLIST_FILE = YES;
				MARKETING_VERSION = 1.0;
				PRODUCT_BUNDLE_IDENTIFIER = organization.PokedexUITests;
				PRODUCT_NAME = "$(TARGET_NAME)";
				SWIFT_EMIT_LOC_STRINGS = NO;
				SWIFT_VERSION = 5.0;
				TARGETED_DEVICE_FAMILY = "1,2";
				TEST_TARGET_NAME = Pokedex;
			};
			name = Debug;
		};
		6CAE1A0B2A9E6E8600B50E88 /* Release */ = {
			isa = XCBuildConfiguration;
			buildSettings = {
				ALWAYS_EMBED_SWIFT_STANDARD_LIBRARIES = YES;
				CODE_SIGN_STYLE = Automatic;
				CURRENT_PROJECT_VERSION = 1;
				GENERATE_INFOPLIST_FILE = YES;
				MARKETING_VERSION = 1.0;
				PRODUCT_BUNDLE_IDENTIFIER = organization.PokedexUITests;
				PRODUCT_NAME = "$(TARGET_NAME)";
				SWIFT_EMIT_LOC_STRINGS = NO;
				SWIFT_VERSION = 5.0;
				TARGETED_DEVICE_FAMILY = "1,2";
				TEST_TARGET_NAME = Pokedex;
			};
			name = Release;
		};
/* End XCBuildConfiguration section */

/* Begin XCConfigurationList section */
		6CAE19DA2A9E6E8500B50E88 /* Build configuration list for PBXProject "Pokedex" */ = {
			isa = XCConfigurationList;
			buildConfigurations = (
				6CAE1A012A9E6E8600B50E88 /* Debug */,
				6CAE1A022A9E6E8600B50E88 /* Release */,
			);
			defaultConfigurationIsVisible = 0;
			defaultConfigurationName = Release;
		};
		6CAE1A032A9E6E8600B50E88 /* Build configuration list for PBXNativeTarget "Pokedex" */ = {
			isa = XCConfigurationList;
			buildConfigurations = (
				6CAE1A042A9E6E8600B50E88 /* Debug */,
				6CAE1A052A9E6E8600B50E88 /* Release */,
			);
			defaultConfigurationIsVisible = 0;
			defaultConfigurationName = Release;
		};
		6CAE1A062A9E6E8600B50E88 /* Build configuration list for PBXNativeTarget "PokedexTests" */ = {
			isa = XCConfigurationList;
			buildConfigurations = (
				6CAE1A072A9E6E8600B50E88 /* Debug */,
				6CAE1A082A9E6E8600B50E88 /* Release */,
			);
			defaultConfigurationIsVisible = 0;
			defaultConfigurationName = Release;
		};
		6CAE1A092A9E6E8600B50E88 /* Build configuration list for PBXNativeTarget "PokedexUITests" */ = {
			isa = XCConfigurationList;
			buildConfigurations = (
				6CAE1A0A2A9E6E8600B50E88 /* Debug */,
				6CAE1A0B2A9E6E8600B50E88 /* Release */,
			);
			defaultConfigurationIsVisible = 0;
			defaultConfigurationName = Release;
		};
/* End XCConfigurationList section */

/* Begin XCRemoteSwiftPackageReference section */
		6CAE1A0C2A9E6EDB00B50E88 /* XCRemoteSwiftPackageReference "Alamofire" */ = {
			isa = XCRemoteSwiftPackageReference;
			repositoryURL = "https://github.com/Alamofire/Alamofire.git";
			requirement = {
				kind = upToNextMajorVersion;
				minimumVersion = 5.0.0;
			};
		};
		6CAE1A0F2A9E6EFB00B50E88 /* XCRemoteSwiftPackageReference "SDWebImageSwiftUI" */ = {
			isa = XCRemoteSwiftPackageReference;
			repositoryURL = "https://github.com/SDWebImage/SDWebImageSwiftUI";
			requirement = {
				kind = upToNextMajorVersion;
				minimumVersion = 2.0.0;
			};
		};
/* End XCRemoteSwiftPackageReference section */

/* Begin XCSwiftPackageProductDependency section */
		6CAE1A0D2A9E6EDB00B50E88 /* Alamofire */ = {
			isa = XCSwiftPackageProductDependency;
			package = 6CAE1A0C2A9E6EDB00B50E88 /* XCRemoteSwiftPackageReference "Alamofire" */;
			productName = Alamofire;
		};
		6CAE1A102A9E6EFB00B50E88 /* SDWebImageSwiftUI */ = {
			isa = XCSwiftPackageProductDependency;
			package = 6CAE1A0F2A9E6EFB00B50E88 /* XCRemoteSwiftPackageReference "SDWebImageSwiftUI" */;
			productName = SDWebImageSwiftUI;
		};
/* End XCSwiftPackageProductDependency section */
	};
	rootObject = 6CAE19D72A9E6E8500B50E88 /* Project object */;
}
